{
    "_meta": {
        "hash": {
            "sha256": "25732414f4536f5e51891d238a9dbe2199a11c9f7de6f10f3deea67a9cb78c8b"
        },
        "pipfile-spec": 6,
        "requires": {
            "python_version": "3.6"
        },
        "sources": [
            {
                "name": "pypi",
                "url": "https://pypi.org/simple",
                "verify_ssl": true
            }
        ]
    },
    "default": {
        "beautifulsoup4": {
            "hashes": [
                "sha256:05fd825eb01c290877657a56df4c6e4c311b3965bda790c613a3d6fb01a5462a",
                "sha256:9fbb4d6e48ecd30bcacc5b63b94088192dcda178513b2ae3c394229f8911b887",
                "sha256:e1505eeed31b0f4ce2dbb3bc8eb256c04cc2b3b72af7d551a4ab6efd5cbe5dae"
            ],
            "version": "==4.8.2"
        },
        "bleach": {
            "hashes": [
                "sha256:2ffa40dfa80b141ff58eee538bce0d2a09c7d456018d00f7a2cb0ebf967c524d",
                "sha256:f0b1ee0315062e60afa6b7cc39b1c3718b591e1d552a8841044dc49a68465659"
            ],
            "index": "pypi",
            "version": "==3.1.2"
        },
        "cartridge": {
            "hashes": [
                "sha256:55628dff1bfcc0a2148d1a6507762231d1bd8c9b5a9362d8e32e74c90b7a731b",
                "sha256:ff488a0d67cd6df040f75d6c8e232d401a13f33798c466776c7d2655cf2076d0"
            ],
            "index": "pypi",
            "version": "==0.13.0"
        },
        "certifi": {
            "hashes": [
                "sha256:017c25db2a153ce562900032d5bc68e9f191e44e9a0f762f373977de9df1fbb3",
                "sha256:25b64c7da4cd7479594d035c08c2d809eb4aab3a26e5a990ea98cc450c320f1f"
            ],
            "version": "==2019.11.28"
        },
        "chardet": {
            "hashes": [
                "sha256:84ab92ed1c4d4f16916e05906b6b75a6c0fb5db821cc65e70cbd64a3e2a5eaae",
                "sha256:fc323ffcaeaed0e0a02bf4d117757b98aed530d9ed4531e3e15460124c106691"
            ],
            "version": "==3.0.4"
        },
        "django": {
            "hashes": [
                "sha256:014e3392058d94f40569206a24523ce254d55ad2f9f46c6550b0fe2e4f94cf3f",
                "sha256:4200aefb6678019a0acf0005cd14cfce3a5e6b9b90d06145fcdd2e474ad4329c"
            ],
            "version": "==1.11.29"
        },
        "django-contrib-comments": {
            "hashes": [
                "sha256:b83320a86081a76bc0570e6cc0f924c0ced40b46ae9f5dd783ab2c745b449529",
                "sha256:d1232bade3094de07dcc205fc833204384e71ba9d30caadcb5bb2882ce8e8d31"
            ],
            "version": "==1.9.2"
        },
        "filebrowser-safe": {
            "hashes": [
                "sha256:479e17dc6ea36c291ddaac207f6cab4bcc6a104c92d0f032057c8b0ce21862d0",
                "sha256:5dcd31dd79684025139b43841f6515af1da5a4bb0de15bc4d88003db1970648e"
            ],
            "version": "==0.5.0"
        },
        "future": {
            "hashes": [
                "sha256:b1bead90b70cf6ec3f0710ae53a525360fa360d306a86583adc6bf83a4db537d"
            ],
            "version": "==0.18.2"
        },
        "grappelli-safe": {
            "hashes": [
                "sha256:35b7ccaf9acc54684c73aeefbeaddc63b8a16143bd981bd5b3ebef253def07df",
                "sha256:624c2622ffacac0e4545af786690dca2e406875659e542a007edce9d4cf54fdc"
            ],
            "version": "==0.5.2"
        },
        "html5lib": {
            "hashes": [
                "sha256:20b159aa3badc9d5ee8f5c647e5efd02ed2a66ab8d354930bd9ff139fc1dc0a3",
                "sha256:66cb0dcfdbbc4f9c3ba1a63fdb511ffdbd4f513b2b6d81b80cd26ce6b3fb3736"
            ],
            "version": "==1.0.1"
        },
        "idna": {
            "hashes": [
                "sha256:7588d1c14ae4c77d74036e8c22ff447b26d0fde8f007354fd48a7814db15b7cb",
                "sha256:a068a21ceac8a4d63dbfd964670474107f541babbd2250d61922f029858365fa"
            ],
            "version": "==2.9"
        },
        "mezzanine": {
            "hashes": [
                "sha256:42c7909953cc5aea91921b47d804b61e14893bf48a2a476ce49a96559a0fa1d3",
                "sha256:6c24c17e5f921cea8af7f96d2eadbab336e7d89161ff07ba33d0c7851fc8f5c7"
            ],
            "version": "==4.3.1"
        },
        "oauthlib": {
            "hashes": [
                "sha256:bee41cc35fcca6e988463cacc3bcb8a96224f470ca547e697b604cc697b2f889",
                "sha256:df884cd6cbe20e32633f1db1072e9356f53638e4361bef4e8b03c9127c9328ea"
            ],
            "version": "==3.1.0"
        },
        "pillow": {
            "hashes": [
                "sha256:0a628977ac2e01ca96aaae247ec2bd38e729631ddf2221b4b715446fd45505be",
                "sha256:4d9ed9a64095e031435af120d3c910148067087541131e82b3e8db302f4c8946",
                "sha256:54ebae163e8412aff0b9df1e88adab65788f5f5b58e625dc5c7f51eaf14a6837",
                "sha256:5bfef0b1cdde9f33881c913af14e43db69815c7e8df429ceda4c70a5e529210f",
                "sha256:5f3546ceb08089cedb9e8ff7e3f6a7042bb5b37c2a95d392fb027c3e53a2da00",
                "sha256:5f7ae9126d16194f114435ebb79cc536b5682002a4fa57fa7bb2cbcde65f2f4d",
                "sha256:62a889aeb0a79e50ecf5af272e9e3c164148f4bd9636cc6bcfa182a52c8b0533",
                "sha256:7406f5a9b2fd966e79e6abdaf700585a4522e98d6559ce37fc52e5c955fade0a",
                "sha256:8453f914f4e5a3d828281a6628cf517832abfa13ff50679a4848926dac7c0358",
                "sha256:87269cc6ce1e3dee11f23fa515e4249ae678dbbe2704598a51cee76c52e19cda",
                "sha256:875358310ed7abd5320f21dd97351d62de4929b0426cdb1eaa904b64ac36b435",
                "sha256:8ac6ce7ff3892e5deaab7abaec763538ffd011f74dc1801d93d3c5fc541feee2",
                "sha256:91b710e3353aea6fc758cdb7136d9bbdcb26b53cefe43e2cba953ac3ee1d3313",
                "sha256:9d2ba4ed13af381233e2d810ff3bab84ef9f18430a9b336ab69eaf3cd24299ff",
                "sha256:a62ec5e13e227399be73303ff301f2865bf68657d15ea50b038d25fc41097317",
                "sha256:ab76e5580b0ed647a8d8d2d2daee170e8e9f8aad225ede314f684e297e3643c2",
                "sha256:bf4003aa538af3f4205c5fac56eacaa67a6dd81e454ffd9e9f055fff9f1bc614",
                "sha256:bf598d2e37cf8edb1a2f26ed3fb255191f5232badea4003c16301cb94ac5bdd0",
                "sha256:c18f70dc27cc5d236f10e7834236aff60aadc71346a5bc1f4f83a4b3abee6386",
                "sha256:c5ed816632204a2fc9486d784d8e0d0ae754347aba99c811458d69fcdfd2a2f9",
                "sha256:dc058b7833184970d1248135b8b0ab702e6daa833be14035179f2acb78ff5636",
                "sha256:ff3797f2f16bf9d17d53257612da84dd0758db33935777149b3334c01ff68865"
            ],
            "version": "==7.0.0"
        },
        "pypdf2": {
            "hashes": [
                "sha256:e28f902f2f0a1603ea95ebe21dff311ef09be3d0f0ef29a3e44a932729564385"
            ],
            "version": "==1.26.0"
        },
        "pytz": {
            "hashes": [
                "sha256:1c557d7d0e871de1f5ccd5833f60fb2550652da6be2693c1e02300743d21500d",
                "sha256:b02c06db6cf09c12dd25137e563b31700d3b80fcc4ad23abb7a315f2789819be"
            ],
            "version": "==2019.3"
        },
        "reportlab": {
            "hashes": [
                "sha256:072da175f9586fd0457242d7eb4ccf8284b65f8c4ec33ec4fa39c511ca2c6e10",
                "sha256:12b1deee658b6a9766e7aca061dfa52c396e984fb328178480ae11ff7717cda4",
                "sha256:28c56f85900bc9632ac6c44f71629a34da3a7da0904a19ecbf69ea7aec976bf3",
                "sha256:2ac6bf19ecc60149895273932910b7cde61bcfc6701326094078eee489265de5",
                "sha256:31feebbfd476201e82aecf750201acb1ea7d3b29217d2e0ca0a297d1189a78af",
                "sha256:330aa2b493c9a42b28c65b5b4c7de4c4f372b1292f082b1a097d56b12e2ba097",
                "sha256:39ae8212a07a18f0e3ee0a3bca6e5a37abac470f934e5a1a117209f989618373",
                "sha256:3af29daf6681fb1c6abbe8a948c6cdf241c7d9bcdce4b881076323e70b44865c",
                "sha256:3d33f934e13263fac098672840f8e0959643b747a516a50792868c3ae7251c37",
                "sha256:3ea95bcfcba08eb4030e3b62efc01ff9e547eea7887311f00685c729cabce038",
                "sha256:45f4aab315f301b4c184f1ee5fb4234fd1388335b191cf827ea977a98b0158dc",
                "sha256:497c8d56d2f98561b78d9e21d9a2a39ab9e2dd81db699f1cddcba744ba455330",
                "sha256:4f4463f1591cf66996a292835f04a521470cf9a479724017a9227125f49f7492",
                "sha256:553658b979b3e8dd662cd8c37d1955cc832b2c000f4cb6d076d8401d771dd85f",
                "sha256:5a8430eed5fc7d15c868fdf5673c94440710e7d1a77ea5bbd4f634e3e6fb5f9c",
                "sha256:5cc32b8ce94c9345fe59af2cbf47edb1c1615304b67f522957666485f87694f7",
                "sha256:5d851a20981e6ea29b643e59807997ca96ceeded4bf431ba9618171d8e383091",
                "sha256:64f7cfa75b9b9a1eebf2a3fe5667a01953e1cb8946b0d14f165b9381ec2fdbaf",
                "sha256:650ec96cc3cb86ae27987db5d36abe530ef45ec67032c4633c776dd3ab016ca4",
                "sha256:6771e0875203d130f1f9c9c04f26084178cb4720552580af8b393cf70c4943a5",
                "sha256:67f5b94ba44a4e764974b0ee9d2f574c593c11ec1cb19aedd17a1bebc35a597e",
                "sha256:6d6815a925c071a0b887c968d39527e9b3db962a151d2aabdd954beafd4431ad",
                "sha256:6e6e3041b742a73c71c0dc49875524338998cbf6a498077e40d4589f8448f3ed",
                "sha256:6fb58a2fdc725a601d225f377b3e1cc3837f8f560cc6c2ceeb8028010031fd65",
                "sha256:7c36e52452147e64a48a05ac56340b45aa3f0c64f2b2e38145ea15190c369621",
                "sha256:8194698254932234a1164694a5b8c84d8010db6ff71a8985c6133d21ed9767ea",
                "sha256:9c21f202697a6cea57b9d716288fc919d99cbabeb30222eebfc7ff77eac32744",
                "sha256:9ffbdbac35c084c2026c4d978498017b5433a61adfe6c1e500c506d38707b39c",
                "sha256:ab6acd99073081d708339e26475e93fe48139233a2ab7f43fc54560e1e00155a",
                "sha256:bd1c855249f5508a50e3ddc7b4e957e4a537597bd41e66e71bdc027bbcfa7534",
                "sha256:c14de6b939ad2ea63e4149e3e4eae1089e20afae1ef805345f73193f25ac9e5f",
                "sha256:cb24edd3e659c783abee1162559cc2a94537974fc73d73da7e3a7021b1ab9803",
                "sha256:d144680292a868cbfe02db25eecbf53623af02e42ff05822439f1434156e7863",
                "sha256:db5c44a77f10357f5c2c25545b7fbc009616274f9ac1876b00398693d0fc4324",
                "sha256:e326b2d48ccaf17322f86c23cd78900e50facf27b93ce50e4a2902a5f31ac343",
                "sha256:e6c3fc2866b853b6b9d4b5d79cfff89c5687fc70a155a05dcfdd278747d441db",
                "sha256:ef817701f45bb6974cfc0a488fd9a76c4190948c456234490174d1f2112b0a2c",
                "sha256:eff08b53ab4fa2adf4b763e56dd1369d6c1cb2a18d3daee7a5f53b25198c0a36",
                "sha256:f18ad0212b7204f5fae37682ec4760a11e1130c294294cfcd900d202d90ed9d9",
                "sha256:f7e4e8adc959dd65e127ae0865fb278d40b34ee2ae8e41e2c5fa8dc83cea273b"
            ],
            "version": "==3.5.42"
        },
        "requests": {
            "hashes": [
                "sha256:43999036bfa82904b6af1d99e4882b560e5e2c68e5c4b0aa03b655f3d7d73fee",
                "sha256:b3f43d496c6daba4493e7c431722aeb7dbc6288f52a6e04e7b6023b0247817e6"
            ],
            "version": "==2.23.0"
        },
        "requests-oauthlib": {
            "hashes": [
                "sha256:7f71572defaecd16372f9006f33c2ec8c077c3cfa6f5911a9a90202beb513f3d",
                "sha256:b4261601a71fd721a8bd6d7aa1cc1d6a8a93b4a9f5e96626f8e4d91e8beeaa6a"
            ],
            "version": "==1.3.0"
        },
        "six": {
            "hashes": [
                "sha256:236bdbdce46e6e6a3d61a337c0f8b763ca1e8717c03b369e87a7ec7ce1319c0a",
                "sha256:8f3cd2e254d8f793e7f3d6d9df77b92252b52637291d0f0da013c76ea2724b6c"
            ],
            "version": "==1.14.0"
        },
        "soupsieve": {
            "hashes": [
                "sha256:e914534802d7ffd233242b785229d5ba0766a7f487385e3f714446a07bf540ae",
                "sha256:fcd71e08c0aee99aca1b73f45478549ee7e7fc006d51b37bec9e9def7dc22b69"
            ],
            "version": "==2.0"
        },
        "tzlocal": {
            "hashes": [
                "sha256:11c9f16e0a633b4b60e1eede97d8a46340d042e67b670b290ca526576e039048",
                "sha256:949b9dd5ba4be17190a80c0268167d7e6c92c62b30026cf9764caf3e308e5590"
            ],
            "version": "==2.0.0"
        },
        "urllib3": {
            "hashes": [
                "sha256:2f3db8b19923a873b3e5256dc9c2dedfa883e33d87c690d9c7913e1f40673cdc",
                "sha256:87716c2d2a7121198ebcb7ce7cccf6ce5e9ba539041cfbaeecfb641dc0bf6acc"
            ],
            "version": "==1.25.8"
        },
        "webencodings": {
            "hashes": [
                "sha256:a0af1213f3c2226497a97e2b3aa01a7e4bee4f403f95be16fc9acd2947514a78",
                "sha256:b36a1c245f2d304965eb4e0a82848379241dc04b865afcc4aab16748587e1923"
            ],
            "version": "==0.5.1"
        },
        "xhtml2pdf": {
            "hashes": [
                "sha256:6793fbbdcb6bb8a4a70132966d8d95e95ea3498cdf0e82252d2b8e9aae34fcb5"
            ],
            "version": "==0.2.4"
        }
    },
    "develop": {
        "alabaster": {
            "hashes": [
                "sha256:446438bdcca0e05bd45ea2de1668c1d9b032e1a9154c2c259092d77031ddd359",
                "sha256:a661d72d58e6ea8a57f7a86e37d86716863ee5e92788398526d58b26a4e4dc02"
            ],
            "version": "==0.7.12"
        },
        "asgiref": {
            "hashes": [
                "sha256:63007b556233381c5f22ae4c7e4292c9f1b953dc8909ae8fd268f611dc23cbd0",
                "sha256:9c65b42045910c159ad41fc33692a8a6e6e154d8d05244ea69a0cbc617edad31"
            ],
            "version": "==3.2.6"
        },
        "babel": {
            "hashes": [
                "sha256:1aac2ae2d0d8ea368fa90906567f5c08463d98ade155c0c4bfedd6a0f7160e38",
                "sha256:d670ea0b10f8b723672d3a6abeb87b565b244da220d76b4dba1b66269ec152d4"
            ],
            "version": "==2.8.0"
        },
        "certifi": {
            "hashes": [
                "sha256:017c25db2a153ce562900032d5bc68e9f191e44e9a0f762f373977de9df1fbb3",
                "sha256:25b64c7da4cd7479594d035c08c2d809eb4aab3a26e5a990ea98cc450c320f1f"
            ],
            "version": "==2019.11.28"
        },
        "chardet": {
            "hashes": [
                "sha256:84ab92ed1c4d4f16916e05906b6b75a6c0fb5db821cc65e70cbd64a3e2a5eaae",
                "sha256:fc323ffcaeaed0e0a02bf4d117757b98aed530d9ed4531e3e15460124c106691"
            ],
            "version": "==3.0.4"
        },
        "commonmark": {
            "hashes": [
                "sha256:34d73ec8085923c023930dfc0bcd1c4286e28a2a82de094bb72fabcc0281cbe5"
            ],
            "version": "==0.5.4"
        },
        "django": {
            "hashes": [
                "sha256:014e3392058d94f40569206a24523ce254d55ad2f9f46c6550b0fe2e4f94cf3f",
                "sha256:4200aefb6678019a0acf0005cd14cfce3a5e6b9b90d06145fcdd2e474ad4329c"
            ],
            "version": "==1.11.29"
        },
        "django-debug-toolbar": {
            "hashes": [
                "sha256:4af2a4e1e932dadbda197b18585962d4fc20172b4e5a479490bc659fe998864d",
                "sha256:d9ea75659f76d8f1e3eb8f390b47fc5bad0908d949c34a8a3c4c87978eb40a0f"
            ],
            "index": "pypi",
            "version": "==1.9.1"
        },
        "docutils": {
            "hashes": [
                "sha256:0c5b78adfbf7762415433f5515cd5c9e762339e23369dbe8000d84a4bf4ab3af",
                "sha256:c2de3a60e9e7d07be26b7f2b00ca0309c207e06c100f9cc2a94931fc75a478fc"
            ],
            "version": "==0.16"
        },
        "idna": {
            "hashes": [
                "sha256:7588d1c14ae4c77d74036e8c22ff447b26d0fde8f007354fd48a7814db15b7cb",
                "sha256:a068a21ceac8a4d63dbfd964670474107f541babbd2250d61922f029858365fa"
            ],
            "version": "==2.9"
        },
        "imagesize": {
            "hashes": [
                "sha256:6965f19a6a2039c7d48bca7dba2473069ff854c36ae6f19d2cde309d998228a1",
                "sha256:b1f6b5a4eab1f73479a50fb79fcf729514a900c341d8503d62a62dbc4127a2b1"
            ],
            "version": "==1.2.0"
        },
        "jinja2": {
            "hashes": [
                "sha256:93187ffbc7808079673ef52771baa950426fd664d3aad1d0fa3e95644360e250",
                "sha256:b0eaf100007721b5c16c1fc1eecb87409464edc10469ddc9a22a27a99123be49"
            ],
            "version": "==2.11.1"
        },
        "markupsafe": {
            "hashes": [
                "sha256:00bc623926325b26bb9605ae9eae8a215691f33cae5df11ca5424f06f2d1f473",
                "sha256:09027a7803a62ca78792ad89403b1b7a73a01c8cb65909cd876f7fcebd79b161",
                "sha256:09c4b7f37d6c648cb13f9230d847adf22f8171b1ccc4d5682398e77f40309235",
                "sha256:1027c282dad077d0bae18be6794e6b6b8c91d58ed8a8d89a89d59693b9131db5",
                "sha256:13d3144e1e340870b25e7b10b98d779608c02016d5184cfb9927a9f10c689f42",
                "sha256:24982cc2533820871eba85ba648cd53d8623687ff11cbb805be4ff7b4c971aff",
                "sha256:29872e92839765e546828bb7754a68c418d927cd064fd4708fab9fe9c8bb116b",
                "sha256:43a55c2930bbc139570ac2452adf3d70cdbb3cfe5912c71cdce1c2c6bbd9c5d1",
                "sha256:46c99d2de99945ec5cb54f23c8cd5689f6d7177305ebff350a58ce5f8de1669e",
                "sha256:500d4957e52ddc3351cabf489e79c91c17f6e0899158447047588650b5e69183",
                "sha256:535f6fc4d397c1563d08b88e485c3496cf5784e927af890fb3c3aac7f933ec66",
                "sha256:596510de112c685489095da617b5bcbbac7dd6384aeebeda4df6025d0256a81b",
                "sha256:62fe6c95e3ec8a7fad637b7f3d372c15ec1caa01ab47926cfdf7a75b40e0eac1",
                "sha256:6788b695d50a51edb699cb55e35487e430fa21f1ed838122d722e0ff0ac5ba15",
                "sha256:6dd73240d2af64df90aa7c4e7481e23825ea70af4b4922f8ede5b9e35f78a3b1",
                "sha256:717ba8fe3ae9cc0006d7c451f0bb265ee07739daf76355d06366154ee68d221e",
                "sha256:79855e1c5b8da654cf486b830bd42c06e8780cea587384cf6545b7d9ac013a0b",
                "sha256:7c1699dfe0cf8ff607dbdcc1e9b9af1755371f92a68f706051cc8c37d447c905",
                "sha256:88e5fcfb52ee7b911e8bb6d6aa2fd21fbecc674eadd44118a9cc3863f938e735",
                "sha256:8defac2f2ccd6805ebf65f5eeb132adcf2ab57aa11fdf4c0dd5169a004710e7d",
                "sha256:98c7086708b163d425c67c7a91bad6e466bb99d797aa64f965e9d25c12111a5e",
                "sha256:9add70b36c5666a2ed02b43b335fe19002ee5235efd4b8a89bfcf9005bebac0d",
                "sha256:9bf40443012702a1d2070043cb6291650a0841ece432556f784f004937f0f32c",
                "sha256:ade5e387d2ad0d7ebf59146cc00c8044acbd863725f887353a10df825fc8ae21",
                "sha256:b00c1de48212e4cc9603895652c5c410df699856a2853135b3967591e4beebc2",
                "sha256:b1282f8c00509d99fef04d8ba936b156d419be841854fe901d8ae224c59f0be5",
                "sha256:b2051432115498d3562c084a49bba65d97cf251f5a331c64a12ee7e04dacc51b",
                "sha256:ba59edeaa2fc6114428f1637ffff42da1e311e29382d81b339c1817d37ec93c6",
                "sha256:c8716a48d94b06bb3b2524c2b77e055fb313aeb4ea620c8dd03a105574ba704f",
                "sha256:cd5df75523866410809ca100dc9681e301e3c27567cf498077e8551b6d20e42f",
                "sha256:cdb132fc825c38e1aeec2c8aa9338310d29d337bebbd7baa06889d09a60a1fa2",
                "sha256:e249096428b3ae81b08327a63a485ad0878de3fb939049038579ac0ef61e17e7",
                "sha256:e8313f01ba26fbbe36c7be1966a7b7424942f670f38e666995b88d012765b9be"
            ],
            "version": "==1.1.1"
        },
        "packaging": {
            "hashes": [
                "sha256:3c292b474fda1671ec57d46d739d072bfd495a4f51ad01a055121d81e952b7a3",
                "sha256:82f77b9bee21c1bafbf35a84905d604d5d1223801d639cf3ed140bd651c08752"
            ],
            "version": "==20.3"
        },
        "pygments": {
            "hashes": [
                "sha256:647344a061c249a3b74e230c739f434d7ea4d8b1d5f3721bc0f3558049b38f44",
                "sha256:ff7a40b4860b727ab48fad6360eb351cc1b33cbf9b15a0f689ca5353e9463324"
            ],
            "version": "==2.6.1"
        },
        "pyparsing": {
            "hashes": [
                "sha256:4c830582a84fb022400b85429791bc551f1f4871c33f23e44f353119e92f969f",
                "sha256:c342dccb5250c08d45fd6f8b4a559613ca603b57498511740e65cd11a2e7dcec"
            ],
            "version": "==2.4.6"
        },
        "pytz": {
            "hashes": [
                "sha256:1c557d7d0e871de1f5ccd5833f60fb2550652da6be2693c1e02300743d21500d",
                "sha256:b02c06db6cf09c12dd25137e563b31700d3b80fcc4ad23abb7a315f2789819be"
            ],
            "version": "==2019.3"
        },
        "recommonmark": {
            "hashes": [
                "sha256:6e29c723abcf5533842376d87c4589e62923ecb6002a8e059eb608345ddaff9d",
                "sha256:cd8bf902e469dae94d00367a8197fb7b81fcabc9cfb79d520e0d22d0fbeaa8b7"
            ],
            "index": "pypi",
            "version": "==0.4.0"
        },
        "requests": {
            "hashes": [
                "sha256:43999036bfa82904b6af1d99e4882b560e5e2c68e5c4b0aa03b655f3d7d73fee",
                "sha256:b3f43d496c6daba4493e7c431722aeb7dbc6288f52a6e04e7b6023b0247817e6"
            ],
            "version": "==2.23.0"
        },
        "six": {
            "hashes": [
                "sha256:236bdbdce46e6e6a3d61a337c0f8b763ca1e8717c03b369e87a7ec7ce1319c0a",
                "sha256:8f3cd2e254d8f793e7f3d6d9df77b92252b52637291d0f0da013c76ea2724b6c"
            ],
            "version": "==1.14.0"
        },
        "snowballstemmer": {
            "hashes": [
                "sha256:209f257d7533fdb3cb73bdbd24f436239ca3b2fa67d56f6ff88e86be08cc5ef0",
                "sha256:df3bac3df4c2c01363f3dd2cfa78cce2840a79b9f1c2d2de9ce8d31683992f52"
            ],
            "version": "==2.0.0"
        },
        "sphinx": {
            "hashes": [
                "sha256:217a7705adcb573da5bbe1e0f5cab4fa0bd89fd9342c9159121746f593c2d5a4",
                "sha256:a602513f385f1d5785ff1ca420d9c7eb1a1b63381733b2f0ea8188a391314a86"
            ],
            "index": "pypi",
            "version": "==1.7.9"
        },
        "sphinx-rtd-theme": {
            "hashes": [
                "sha256:3b49758a64f8a1ebd8a33cb6cc9093c3935a908b716edfaa5772fd86aac27ef6",
                "sha256:80e01ec0eb711abacb1fa507f3eae8b805ae8fa3e8b057abfdf497e3f644c82c"
            ],
            "index": "pypi",
            "version": "==0.4.1"
        },
        "sphinxcontrib-websupport": {
            "hashes": [
                "sha256:545f5da4bd7757e82b8a23ce3af9500c6ffeedbcb13429fca436ad1e80bd10cf",
                "sha256:69364896eae5d1145d82b6ee09f66d597099ef8069615e2888921ec48005470f"
            ],
            "version": "==1.2.1"
        },
        "sqlparse": {
            "hashes": [
                "sha256:022fb9c87b524d1f7862b3037e541f68597a730a8843245c349fc93e1643dc4e",
                "sha256:e162203737712307dfe78860cc56c8da8a852ab2ee33750e33aeadf38d12c548"
            ],
            "version": "==0.3.1"
        },
        "urllib3": {
            "hashes": [
                "sha256:2f3db8b19923a873b3e5256dc9c2dedfa883e33d87c690d9c7913e1f40673cdc",
                "sha256:87716c2d2a7121198ebcb7ce7cccf6ce5e9ba539041cfbaeecfb641dc0bf6acc"
            ],
            "version": "==1.25.8"
        }
    }
}
